
Microsoft Visual Studio Solution File, Format Version 12.00
# Visual Studio Version 17
VisualStudioVersion = 17.5.33516.290
MinimumVisualStudioVersion = 10.0.40219.1
Project("{9A19103F-16F7-4668-BE54-9A1E7A4F7556}") = "AcAvalonEdit", "ICSharpCode.AvalonEdit\AcAvalonEdit.csproj", "{417F2A81-E1C2-4366-B24B-C5DC8F958844}"
EndProject
Project("{9A19103F-16F7-4668-BE54-9A1E7A4F7556}") = "ICSharpCode.AvalonEdit.Sample", "ICSharpCode.AvalonEdit.Sample\ICSharpCode.AvalonEdit.Sample.csproj", "{E506196C-A5E8-4D24-B889-6BA401C0B2B9}"
EndProject
Project("{9A19103F-16F7-4668-BE54-9A1E7A4F7556}") = "ICSharpCode.AvalonEdit.Tests", "ICSharpCode.AvalonEdit.Tests\ICSharpCode.AvalonEdit.Tests.csproj", "{37CAC89C-C38C-4126-A4A0-91A240A474D7}"
EndProject
Global
	GlobalSection(SolutionConfigurationPlatforms) = preSolution
		Debug|x64 = Debug|x64
		Release|x64 = Release|x64
	EndGlobalSection
	GlobalSection(ProjectConfigurationPlatforms) = postSolution
		{417F2A81-E1C2-4366-B24B-C5DC8F958844}.Debug|x64.ActiveCfg = Debug|x64
		{417F2A81-E1C2-4366-B24B-C5DC8F958844}.Debug|x64.Build.0 = Debug|x64
		{417F2A81-E1C2-4366-B24B-C5DC8F958844}.Release|x64.ActiveCfg = Release|x64
		{417F2A81-E1C2-4366-B24B-C5DC8F958844}.Release|x64.Build.0 = Release|x64
		{E506196C-A5E8-4D24-B889-6BA401C0B2B9}.Debug|x64.ActiveCfg = Debug|x64
		{E506196C-A5E8-4D24-B889-6BA401C0B2B9}.Debug|x64.Build.0 = Debug|x64
		{E506196C-A5E8-4D24-B889-6BA401C0B2B9}.Release|x64.ActiveCfg = Release|x64
		{E506196C-A5E8-4D24-B889-6BA401C0B2B9}.Release|x64.Build.0 = Release|x64
		{37CAC89C-C38C-4126-A4A0-91A240A474D7}.Debug|x64.ActiveCfg = Debug|x64
		{37CAC89C-C38C-4126-A4A0-91A240A474D7}.Debug|x64.Build.0 = Debug|x64
		{37CAC89C-C38C-4126-A4A0-91A240A474D7}.Release|x64.ActiveCfg = Release|x64
		{37CAC89C-C38C-4126-A4A0-91A240A474D7}.Release|x64.Build.0 = Release|x64
	EndGlobalSection
	GlobalSection(SolutionProperties) = preSolution
		HideSolutionNode = FALSE
	EndGlobalSection
	GlobalSection(ExtensibilityGlobals) = postSolution
		SolutionGuid = {919F9316-235F-49C8-868A-F0C8B9063F56}
	EndGlobalSection
EndGlobal
