
Microsoft Visual Studio Solution File, Format Version 12.00
# Visual Studio Version 16
VisualStudioVersion = 16.0.28714.193
MinimumVisualStudioVersion = 10.0.40219.1
Project("{9A19103F-16F7-4668-BE54-9A1E7A4F7556}") = "ICSharpCode.AvalonEdit", "ICSharpCode.AvalonEdit\ICSharpCode.AvalonEdit.csproj", "{417F2A81-E1C2-4366-B24B-C5DC8F958844}"
EndProject
Project("{7CF6DF6D-3B04-46F8-A40B-537D21BCA0B4}") = "ICSharpCode.AvalonEdit.Documentation", "Documentation\ICSharpCode.AvalonEdit.Documentation.shfbproj", "{850B6602-0A7F-413A-864A-E816B98D7407}"
EndProject
Global
	GlobalSection(SolutionConfigurationPlatforms) = preSolution
		Debug|Any CPU = Debug|Any CPU
		Release|Any CPU = Release|Any CPU
	EndGlobalSection
	GlobalSection(ProjectConfigurationPlatforms) = postSolution
		{417F2A81-E1C2-4366-B24B-C5DC8F958844}.Debug|Any CPU.ActiveCfg = Debug|Any CPU
		{417F2A81-E1C2-4366-B24B-C5DC8F958844}.Debug|Any CPU.Build.0 = Debug|Any CPU
		{417F2A81-E1C2-4366-B24B-C5DC8F958844}.Release|Any CPU.ActiveCfg = Release|Any CPU
		{417F2A81-E1C2-4366-B24B-C5DC8F958844}.Release|Any CPU.Build.0 = Release|Any CPU
		{850B6602-0A7F-413A-864A-E816B98D7407}.Debug|Any CPU.ActiveCfg = Debug|Any CPU
		{850B6602-0A7F-413A-864A-E816B98D7407}.Debug|Any CPU.Build.0 = Debug|Any CPU
		{850B6602-0A7F-413A-864A-E816B98D7407}.Release|Any CPU.ActiveCfg = Release|Any CPU
		{850B6602-0A7F-413A-864A-E816B98D7407}.Release|Any CPU.Build.0 = Release|Any CPU
	EndGlobalSection
	GlobalSection(SolutionProperties) = preSolution
		HideSolutionNode = FALSE
	EndGlobalSection
	GlobalSection(ExtensibilityGlobals) = postSolution
		SolutionGuid = {919F9316-235F-49C8-868A-F0C8B9063F56}
	EndGlobalSection
EndGlobal
