
Microsoft Visual Studio Solution File, Format Version 12.00
# Visual Studio 2012
# SharpDevelop 5.0
VisualStudioVersion = 12.0.20827.3
MinimumVisualStudioVersion = 10.0.40219.1
Project("{FAE04EC0-301F-11D3-BF4B-00C04F79EFBC}") = "ICSharpCode.AvalonEdit", "ICSharpCode.AvalonEdit\ICSharpCode.AvalonEdit.csproj", "{6C55B776-26D4-4DB3-A6AB-87E783B2F3D1}"
EndProject
Project("{FAE04EC0-301F-11D3-BF4B-00C04F79EFBC}") = "ICSharpCode.AvalonEdit.Tests", "ICSharpCode.AvalonEdit.Tests\ICSharpCode.AvalonEdit.Tests.csproj", "{6222A3A1-83CE-47A3-A4E4-A018F82D44D8}"
EndProject
Project("{FAE04EC0-301F-11D3-BF4B-00C04F79EFBC}") = "ICSharpCode.AvalonEdit.Sample", "ICSharpCode.AvalonEdit.Sample\ICSharpCode.AvalonEdit.Sample.csproj", "{13A5B497-BA12-45AE-9033-22620C3153FB}"
EndProject
Global
	GlobalSection(SolutionConfigurationPlatforms) = preSolution
		Debug|Net40 = Debug|Net40
		Debug|Net35 = Debug|Net35
		Debug|WithNRefactory = Debug|WithNRefactory
		Release|Net40 = Release|Net40
		Release|Net35 = Release|Net35
		Release|WithNRefactory = Release|WithNRefactory
	EndGlobalSection
	GlobalSection(ProjectConfigurationPlatforms) = postSolution
		{6C55B776-26D4-4DB3-A6AB-87E783B2F3D1}.Debug|Net40.ActiveCfg = Debug|Net40
		{6C55B776-26D4-4DB3-A6AB-87E783B2F3D1}.Debug|Net40.Build.0 = Debug|Net40
		{6C55B776-26D4-4DB3-A6AB-87E783B2F3D1}.Debug|Net35.ActiveCfg = Debug|Net35
		{6C55B776-26D4-4DB3-A6AB-87E783B2F3D1}.Debug|Net35.Build.0 = Debug|Net35
		{6C55B776-26D4-4DB3-A6AB-87E783B2F3D1}.Debug|WithNRefactory.ActiveCfg = Debug|WithNRefactory
		{6C55B776-26D4-4DB3-A6AB-87E783B2F3D1}.Debug|WithNRefactory.Build.0 = Debug|WithNRefactory
		{6C55B776-26D4-4DB3-A6AB-87E783B2F3D1}.Release|Net40.ActiveCfg = Release|Net40
		{6C55B776-26D4-4DB3-A6AB-87E783B2F3D1}.Release|Net40.Build.0 = Release|Net40
		{6C55B776-26D4-4DB3-A6AB-87E783B2F3D1}.Release|Net35.ActiveCfg = Release|Net35
		{6C55B776-26D4-4DB3-A6AB-87E783B2F3D1}.Release|Net35.Build.0 = Release|Net35
		{6C55B776-26D4-4DB3-A6AB-87E783B2F3D1}.Release|WithNRefactory.ActiveCfg = Release|WithNRefactory
		{6C55B776-26D4-4DB3-A6AB-87E783B2F3D1}.Release|WithNRefactory.Build.0 = Release|WithNRefactory
		{6222A3A1-83CE-47A3-A4E4-A018F82D44D8}.Debug|Net40.ActiveCfg = Debug|Net40
		{6222A3A1-83CE-47A3-A4E4-A018F82D44D8}.Debug|Net40.Build.0 = Debug|Net40
		{6222A3A1-83CE-47A3-A4E4-A018F82D44D8}.Debug|Net35.ActiveCfg = Debug|Net35
		{6222A3A1-83CE-47A3-A4E4-A018F82D44D8}.Debug|Net35.Build.0 = Debug|Net35
		{6222A3A1-83CE-47A3-A4E4-A018F82D44D8}.Debug|WithNRefactory.ActiveCfg = Debug|WithNRefactory
		{6222A3A1-83CE-47A3-A4E4-A018F82D44D8}.Debug|WithNRefactory.Build.0 = Debug|WithNRefactory
		{6222A3A1-83CE-47A3-A4E4-A018F82D44D8}.Release|Net40.ActiveCfg = Release|Net40
		{6222A3A1-83CE-47A3-A4E4-A018F82D44D8}.Release|Net40.Build.0 = Release|Net40
		{6222A3A1-83CE-47A3-A4E4-A018F82D44D8}.Release|Net35.ActiveCfg = Release|Net35
		{6222A3A1-83CE-47A3-A4E4-A018F82D44D8}.Release|Net35.Build.0 = Release|Net35
		{6222A3A1-83CE-47A3-A4E4-A018F82D44D8}.Release|WithNRefactory.ActiveCfg = Release|WithNRefactory
		{6222A3A1-83CE-47A3-A4E4-A018F82D44D8}.Release|WithNRefactory.Build.0 = Release|WithNRefactory
		{13A5B497-BA12-45AE-9033-22620C3153FB}.Debug|Net40.ActiveCfg = Debug|Net40
		{13A5B497-BA12-45AE-9033-22620C3153FB}.Debug|Net40.Build.0 = Debug|Net40
		{13A5B497-BA12-45AE-9033-22620C3153FB}.Debug|Net35.ActiveCfg = Debug|Net35
		{13A5B497-BA12-45AE-9033-22620C3153FB}.Debug|Net35.Build.0 = Debug|Net35
		{13A5B497-BA12-45AE-9033-22620C3153FB}.Debug|WithNRefactory.ActiveCfg = Debug|WithNRefactory
		{13A5B497-BA12-45AE-9033-22620C3153FB}.Debug|WithNRefactory.Build.0 = Debug|WithNRefactory
		{13A5B497-BA12-45AE-9033-22620C3153FB}.Release|Net40.ActiveCfg = Release|Net40
		{13A5B497-BA12-45AE-9033-22620C3153FB}.Release|Net40.Build.0 = Release|Net40
		{13A5B497-BA12-45AE-9033-22620C3153FB}.Release|Net35.ActiveCfg = Release|Net35
		{13A5B497-BA12-45AE-9033-22620C3153FB}.Release|Net35.Build.0 = Release|Net35
		{13A5B497-BA12-45AE-9033-22620C3153FB}.Release|WithNRefactory.ActiveCfg = Release|WithNRefactory
		{13A5B497-BA12-45AE-9033-22620C3153FB}.Release|WithNRefactory.Build.0 = Release|WithNRefactory
	EndGlobalSection
EndGlobal
